
Microsoft Visual Studio Solution File, Format Version 12.00
# Visual Studio Version 17
VisualStudioVersion = 17.2.32630.192
MinimumVisualStudioVersion = 10.0.40219.1
Project("{FAE04EC0-301F-11D3-BF4B-00C04F79EFBC}") = "exam", "exam\exam.csproj", "{5A669483-BC8F-4800-8D31-7E565206E465}"
EndProject
Project("{FAE04EC0-301F-11D3-BF4B-00C04F79EFBC}") = "UnitTests", "UnitTests\UnitTests.csproj", "{6C0DB950-29D9-45B5-9C0D-F534D8007462}"
EndProject
Global
	GlobalSection(SolutionConfigurationPlatforms) = preSolution
		Debug|Any CPU = Debug|Any CPU
		Release|Any CPU = Release|Any CPU
	EndGlobalSection
	GlobalSection(ProjectConfigurationPlatforms) = postSolution
		{5A669483-BC8F-4800-8D31-7E565206E465}.Debug|Any CPU.ActiveCfg = Debug|Any CPU
		{5A669483-BC8F-4800-8D31-7E565206E465}.Debug|Any CPU.Build.0 = Debug|Any CPU
		{5A669483-BC8F-4800-8D31-7E565206E465}.Release|Any CPU.ActiveCfg = Release|Any CPU
		{5A669483-BC8F-4800-8D31-7E565206E465}.Release|Any CPU.Build.0 = Release|Any CPU
		{6C0DB950-29D9-45B5-9C0D-F534D8007462}.Debug|Any CPU.ActiveCfg = Debug|Any CPU
		{6C0DB950-29D9-45B5-9C0D-F534D8007462}.Debug|Any CPU.Build.0 = Debug|Any CPU
		{6C0DB950-29D9-45B5-9C0D-F534D8007462}.Release|Any CPU.ActiveCfg = Release|Any CPU
		{6C0DB950-29D9-45B5-9C0D-F534D8007462}.Release|Any CPU.Build.0 = Release|Any CPU
	EndGlobalSection
	GlobalSection(SolutionProperties) = preSolution
		HideSolutionNode = FALSE
	EndGlobalSection
	GlobalSection(ExtensibilityGlobals) = postSolution
		SolutionGuid = {91D69268-99D0-4937-91AD-665998279B9B}
	EndGlobalSection
EndGlobal
